
Microsoft Visual Studio Solution File, Format Version 12.00
# Visual Studio Version 17
VisualStudioVersion = 17.8.34408.163
MinimumVisualStudioVersion = 10.0.40219.1
Project("{FAE04EC0-301F-11D3-BF4B-00C04F79EFBC}") = "Weather_forecast", "Weather_forecast\Weather_forecast.csproj", "{912BC040-0155-4376-B750-47E7773C866F}"
EndProject
Global
	GlobalSection(SolutionConfigurationPlatforms) = preSolution
		Debug|Any CPU = Debug|Any CPU
		Release|Any CPU = Release|Any CPU
	EndGlobalSection
	GlobalSection(ProjectConfigurationPlatforms) = postSolution
		{912BC040-0155-4376-B750-47E7773C866F}.Debug|Any CPU.ActiveCfg = Debug|Any CPU
		{912BC040-0155-4376-B750-47E7773C866F}.Debug|Any CPU.Build.0 = Debug|Any CPU
		{912BC040-0155-4376-B750-47E7773C866F}.Release|Any CPU.ActiveCfg = Release|Any CPU
		{912BC040-0155-4376-B750-47E7773C866F}.Release|Any CPU.Build.0 = Release|Any CPU
	EndGlobalSection
	GlobalSection(SolutionProperties) = preSolution
		HideSolutionNode = FALSE
	EndGlobalSection
	GlobalSection(ExtensibilityGlobals) = postSolution
		SolutionGuid = {A4362AC3-C287-4A15-B934-376563A47DCB}
	EndGlobalSection
EndGlobal
